
Microsoft Visual Studio Solution File, Format Version 12.00
# Visual Studio Version 17
VisualStudioVersion = 17.13.35828.75 d17.13
MinimumVisualStudioVersion = 10.0.40219.1
Project("{FAE04EC0-301F-11D3-BF4B-00C04F79EFBC}") = "EmployeeProject", "EmployeeProject.csproj", "{50C88C5D-BCC0-456A-9375-56372403A81E}"
EndProject
Global
	GlobalSection(SolutionConfigurationPlatforms) = preSolution
		Debug|Any CPU = Debug|Any CPU
		Release|Any CPU = Release|Any CPU
	EndGlobalSection
	GlobalSection(ProjectConfigurationPlatforms) = postSolution
		{50C88C5D-BCC0-456A-9375-56372403A81E}.Debug|Any CPU.ActiveCfg = Debug|Any CPU
		{50C88C5D-BCC0-456A-9375-56372403A81E}.Debug|Any CPU.Build.0 = Debug|Any CPU
		{50C88C5D-BCC0-456A-9375-56372403A81E}.Debug|Any CPU.Deploy.0 = Debug|Any CPU
		{50C88C5D-BCC0-456A-9375-56372403A81E}.Release|Any CPU.ActiveCfg = Release|Any CPU
		{50C88C5D-BCC0-456A-9375-56372403A81E}.Release|Any CPU.Build.0 = Release|Any CPU
		{50C88C5D-BCC0-456A-9375-56372403A81E}.Release|Any CPU.Deploy.0 = Release|Any CPU
	EndGlobalSection
	GlobalSection(SolutionProperties) = preSolution
		HideSolutionNode = FALSE
	EndGlobalSection
	GlobalSection(ExtensibilityGlobals) = postSolution
		SolutionGuid = {3E24512A-6322-408A-8FFC-A76A7BEABBFE}
	EndGlobalSection
EndGlobal
